// !$*UTF8*$!
{
	archiveVersion = 1;
	classes = {
	};
	objectVersion = 56;
	objects = {

/* Begin PBXBuildFile section */
		1E9D948129E9A40B0029F609 /* AppDelegate.swift in Sources */ = {isa = PBXBuildFile; fileRef = 1E9D948029E9A40B0029F609 /* AppDelegate.swift */; };
		1E9D948329E9A40B0029F609 /* SceneDelegate.swift in Sources */ = {isa = PBXBuildFile; fileRef = 1E9D948229E9A40B0029F609 /* SceneDelegate.swift */; };
		1E9D948529E9A40B0029F609 /* ViewController.swift in Sources */ = {isa = PBXBuildFile; fileRef = 1E9D948429E9A40B0029F609 /* ViewController.swift */; };
		1E9D948829E9A40B0029F609 /* Main.storyboard in Resources */ = {isa = PBXBuildFile; fileRef = 1E9D948629E9A40B0029F609 /* Main.storyboard */; };
		1E9D948A29E9A40F0029F609 /* Assets.xcassets in Resources */ = {isa = PBXBuildFile; fileRef = 1E9D948929E9A40F0029F609 /* Assets.xcassets */; };
		1E9D948D29E9A40F0029F609 /* LaunchScreen.storyboard in Resources */ = {isa = PBXBuildFile; fileRef = 1E9D948B29E9A40F0029F609 /* LaunchScreen.storyboard */; };
		1E9D949829E9A4100029F609 /* hack_battleTests.swift in Sources */ = {isa = PBXBuildFile; fileRef = 1E9D949729E9A4100029F609 /* hack_battleTests.swift */; };
		1E9D94A229E9A4100029F609 /* hack_battleUITests.swift in Sources */ = {isa = PBXBuildFile; fileRef = 1E9D94A129E9A4100029F609 /* hack_battleUITests.swift */; };
		1E9D94A429E9A4100029F609 /* hack_battleUITestsLaunchTests.swift in Sources */ = {isa = PBXBuildFile; fileRef = 1E9D94A329E9A4100029F609 /* hack_battleUITestsLaunchTests.swift */; };
/* End PBXBuildFile section */

/* Begin PBXContainerItemProxy section */
		1E9D949429E9A4100029F609 /* PBXContainerItemProxy */ = {
			isa = PBXContainerItemProxy;
			containerPortal = 1E9D947529E9A40B0029F609 /* Project object */;
			proxyType = 1;
			remoteGlobalIDString = 1E9D947C29E9A40B0029F609;
			remoteInfo = "hack-battle";
		};
		1E9D949E29E9A4100029F609 /* PBXContainerItemProxy */ = {
			isa = PBXContainerItemProxy;
			containerPortal = 1E9D947529E9A40B0029F609 /* Project object */;
			proxyType = 1;
			remoteGlobalIDString = 1E9D947C29E9A40B0029F609;
			remoteInfo = "hack-battle";
		};
/* End PBXContainerItemProxy section */

/* Begin PBXFileReference section */
		1E9D947D29E9A40B0029F609 /* hack-battle.app */ = {isa = PBXFileReference; explicitFileType = wrapper.application; includeInIndex = 0; path = "hack-battle.app"; sourceTree = BUILT_PRODUCTS_DIR; };
		1E9D948029E9A40B0029F609 /* AppDelegate.swift */ = {isa = PBXFileReference; lastKnownFileType = sourcecode.swift; path = AppDelegate.swift; sourceTree = "<group>"; };
		1E9D948229E9A40B0029F609 /* SceneDelegate.swift */ = {isa = PBXFileReference; lastKnownFileType = sourcecode.swift; path = SceneDelegate.swift; sourceTree = "<group>"; };
		1E9D948429E9A40B0029F609 /* ViewController.swift */ = {isa = PBXFileReference; lastKnownFileType = sourcecode.swift; path = ViewController.swift; sourceTree = "<group>"; };
		1E9D948729E9A40B0029F609 /* Base */ = {isa = PBXFileReference; lastKnownFileType = file.storyboard; name = Base; path = Base.lproj/Main.storyboard; sourceTree = "<group>"; };
		1E9D948929E9A40F0029F609 /* Assets.xcassets */ = {isa = PBXFileReference; lastKnownFileType = folder.assetcatalog; path = Assets.xcassets; sourceTree = "<group>"; };
		1E9D948C29E9A40F0029F609 /* Base */ = {isa = PBXFileReference; lastKnownFileType = file.storyboard; name = Base; path = Base.lproj/LaunchScreen.storyboard; sourceTree = "<group>"; };
		1E9D948E29E9A40F0029F609 /* Info.plist */ = {isa = PBXFileReference; lastKnownFileType = text.plist.xml; path = Info.plist; sourceTree = "<group>"; };
		1E9D949329E9A4100029F609 /* hack-battleTests.xctest */ = {isa = PBXFileReference; explicitFileType = wrapper.cfbundle; includeInIndex = 0; path = "hack-battleTests.xctest"; sourceTree = BUILT_PRODUCTS_DIR; };
		1E9D949729E9A4100029F609 /* hack_battleTests.swift */ = {isa = PBXFileReference; lastKnownFileType = sourcecode.swift; path = hack_battleTests.swift; sourceTree = "<group>"; };
		1E9D949D29E9A4100029F609 /* hack-battleUITests.xctest */ = {isa = PBXFileReference; explicitFileType = wrapper.cfbundle; includeInIndex = 0; path = "hack-battleUITests.xctest"; sourceTree = BUILT_PRODUCTS_DIR; };
		1E9D94A129E9A4100029F609 /* hack_battleUITests.swift */ = {isa = PBXFileReference; lastKnownFileType = sourcecode.swift; path = hack_battleUITests.swift; sourceTree = "<group>"; };
		1E9D94A329E9A4100029F609 /* hack_battleUITestsLaunchTests.swift */ = {isa = PBXFileReference; lastKnownFileType = sourcecode.swift; path = hack_battleUITestsLaunchTests.swift; sourceTree = "<group>"; };
/* End PBXFileReference section */

/* Begin PBXFrameworksBuildPhase section */
		1E9D947A29E9A40B0029F609 /* Frameworks */ = {
			isa = PBXFrameworksBuildPhase;
			buildActionMask = 2147483647;
			files = (
			);
			runOnlyForDeploymentPostprocessing = 0;
		};
		1E9D949029E9A4100029F609 /* Frameworks */ = {
			isa = PBXFrameworksBuildPhase;
			buildActionMask = 2147483647;
			files = (
			);
			runOnlyForDeploymentPostprocessing = 0;
		};
		1E9D949A29E9A4100029F609 /* Frameworks */ = {
			isa = PBXFrameworksBuildPhase;
			buildActionMask = 2147483647;
			files = (
			);
			runOnlyForDeploymentPostprocessing = 0;
		};
/* End PBXFrameworksBuildPhase section */

/* Begin PBXGroup section */
		1E9D947429E9A40B0029F609 = {
			isa = PBXGroup;
			children = (
				1E9D947F29E9A40B0029F609 /* hack-battle */,
				1E9D949629E9A4100029F609 /* hack-battleTests */,
				1E9D94A029E9A4100029F609 /* hack-battleUITests */,
				1E9D947E29E9A40B0029F609 /* Products */,
			);
			sourceTree = "<group>";
		};
		1E9D947E29E9A40B0029F609 /* Products */ = {
			isa = PBXGroup;
			children = (
				1E9D947D29E9A40B0029F609 /* hack-battle.app */,
				1E9D949329E9A4100029F609 /* hack-battleTests.xctest */,
				1E9D949D29E9A4100029F609 /* hack-battleUITests.xctest */,
			);
			name = Products;
			sourceTree = "<group>";
		};
		1E9D947F29E9A40B0029F609 /* hack-battle */ = {
			isa = PBXGroup;
			children = (
				1E9D948029E9A40B0029F609 /* AppDelegate.swift */,
				1E9D948229E9A40B0029F609 /* SceneDelegate.swift */,
				1E9D948429E9A40B0029F609 /* ViewController.swift */,
				1E9D948629E9A40B0029F609 /* Main.storyboard */,
				1E9D948929E9A40F0029F609 /* Assets.xcassets */,
				1E9D948B29E9A40F0029F609 /* LaunchScreen.storyboard */,
				1E9D948E29E9A40F0029F609 /* Info.plist */,
			);
			path = "hack-battle";
			sourceTree = "<group>";
		};
		1E9D949629E9A4100029F609 /* hack-battleTests */ = {
			isa = PBXGroup;
			children = (
				1E9D949729E9A4100029F609 /* hack_battleTests.swift */,
			);
			path = "hack-battleTests";
			sourceTree = "<group>";
		};
		1E9D94A029E9A4100029F609 /* hack-battleUITests */ = {
			isa = PBXGroup;
			children = (
				1E9D94A129E9A4100029F609 /* hack_battleUITests.swift */,
				1E9D94A329E9A4100029F609 /* hack_battleUITestsLaunchTests.swift */,
			);
			path = "hack-battleUITests";
			sourceTree = "<group>";
		};
/* End PBXGroup section */

/* Begin PBXNativeTarget section */
		1E9D947C29E9A40B0029F609 /* hack-battle */ = {
			isa = PBXNativeTarget;
			buildConfigurationList = 1E9D94A729E9A4100029F609 /* Build configuration list for PBXNativeTarget "hack-battle" */;
			buildPhases = (
				1E9D947929E9A40B0029F609 /* Sources */,
				1E9D947A29E9A40B0029F609 /* Frameworks */,
				1E9D947B29E9A40B0029F609 /* Resources */,
			);
			buildRules = (
			);
			dependencies = (
			);
			name = "hack-battle";
			productName = "hack-battle";
			productReference = 1E9D947D29E9A40B0029F609 /* hack-battle.app */;
			productType = "com.apple.product-type.application";
		};
		1E9D949229E9A4100029F609 /* hack-battleTests */ = {
			isa = PBXNativeTarget;
			buildConfigurationList = 1E9D94AA29E9A4100029F609 /* Build configuration list for PBXNativeTarget "hack-battleTests" */;
			buildPhases = (
				1E9D948F29E9A4100029F609 /* Sources */,
				1E9D949029E9A4100029F609 /* Frameworks */,
				1E9D949129E9A4100029F609 /* Resources */,
			);
			buildRules = (
			);
			dependencies = (
				1E9D949529E9A4100029F609 /* PBXTargetDependency */,
			);
			name = "hack-battleTests";
			productName = "hack-battleTests";
			productReference = 1E9D949329E9A4100029F609 /* hack-battleTests.xctest */;
			productType = "com.apple.product-type.bundle.unit-test";
		};
		1E9D949C29E9A4100029F609 /* hack-battleUITests */ = {
			isa = PBXNativeTarget;
			buildConfigurationList = 1E9D94AD29E9A4100029F609 /* Build configuration list for PBXNativeTarget "hack-battleUITests" */;
			buildPhases = (
				1E9D949929E9A4100029F609 /* Sources */,
				1E9D949A29E9A4100029F609 /* Frameworks */,
				1E9D949B29E9A4100029F609 /* Resources */,
			);
			buildRules = (
			);
			dependencies = (
				1E9D949F29E9A4100029F609 /* PBXTargetDependency */,
			);
			name = "hack-battleUITests";
			productName = "hack-battleUITests";
			productReference = 1E9D949D29E9A4100029F609 /* hack-battleUITests.xctest */;
			productType = "com.apple.product-type.bundle.ui-testing";
		};
/* End PBXNativeTarget section */

/* Begin PBXProject section */
		1E9D947529E9A40B0029F609 /* Project object */ = {
			isa = PBXProject;
			attributes = {
				BuildIndependentTargetsInParallel = 1;
				LastSwiftUpdateCheck = 1430;
				LastUpgradeCheck = 1430;
				TargetAttributes = {
					1E9D947C29E9A40B0029F609 = {
						CreatedOnToolsVersion = 14.3;
					};
					1E9D949229E9A4100029F609 = {
						CreatedOnToolsVersion = 14.3;
						TestTargetID = 1E9D947C29E9A40B0029F609;
					};
					1E9D949C29E9A4100029F609 = {
						CreatedOnToolsVersion = 14.3;
						TestTargetID = 1E9D947C29E9A40B0029F609;
					};
				};
			};
			buildConfigurationList = 1E9D947829E9A40B0029F609 /* Build configuration list for PBXProject "hack-battle" */;
			compatibilityVersion = "Xcode 14.0";
			developmentRegion = en;
			hasScannedForEncodings = 0;
			knownRegions = (
				en,
				Base,
			);
			mainGroup = 1E9D947429E9A40B0029F609;
			productRefGroup = 1E9D947E29E9A40B0029F609 /* Products */;
			projectDirPath = "";
			projectRoot = "";
			targets = (
				1E9D947C29E9A40B0029F609 /* hack-battle */,
				1E9D949229E9A4100029F609 /* hack-battleTests */,
				1E9D949C29E9A4100029F609 /* hack-battleUITests */,
			);
		};
/* End PBXProject section */

/* Begin PBXResourcesBuildPhase section */
		1E9D947B29E9A40B0029F609 /* Resources */ = {
			isa = PBXResourcesBuildPhase;
			buildActionMask = 2147483647;
			files = (
				1E9D948D29E9A40F0029F609 /* LaunchScreen.storyboard in Resources */,
				1E9D948A29E9A40F0029F609 /* Assets.xcassets in Resources */,
				1E9D948829E9A40B0029F609 /* Main.storyboard in Resources */,
			);
			runOnlyForDeploymentPostprocessing = 0;
		};
		1E9D949129E9A4100029F609 /* Resources */ = {
			isa = PBXResourcesBuildPhase;
			buildActionMask = 2147483647;
			files = (
			);
			runOnlyForDeploymentPostprocessing = 0;
		};
		1E9D949B29E9A4100029F609 /* Resources */ = {
			isa = PBXResourcesBuildPhase;
			buildActionMask = 2147483647;
			files = (
			);
			runOnlyForDeploymentPostprocessing = 0;
		};
/* End PBXResourcesBuildPhase section */

/* Begin PBXSourcesBuildPhase section */
		1E9D947929E9A40B0029F609 /* Sources */ = {
			isa = PBXSourcesBuildPhase;
			buildActionMask = 2147483647;
			files = (
				1E9D948529E9A40B0029F609 /* ViewController.swift in Sources */,
				1E9D948129E9A40B0029F609 /* AppDelegate.swift in Sources */,
				1E9D948329E9A40B0029F609 /* SceneDelegate.swift in Sources */,
			);
			runOnlyForDeploymentPostprocessing = 0;
		};
		1E9D948F29E9A4100029F609 /* Sources */ = {
			isa = PBXSourcesBuildPhase;
			buildActionMask = 2147483647;
			files = (
				1E9D949829E9A4100029F609 /* hack_battleTests.swift in Sources */,
			);
			runOnlyForDeploymentPostprocessing = 0;
		};
		1E9D949929E9A4100029F609 /* Sources */ = {
			isa = PBXSourcesBuildPhase;
			buildActionMask = 2147483647;
			files = (
				1E9D94A229E9A4100029F609 /* hack_battleUITests.swift in Sources */,
				1E9D94A429E9A4100029F609 /* hack_battleUITestsLaunchTests.swift in Sources */,
			);
			runOnlyForDeploymentPostprocessing = 0;
		};
/* End PBXSourcesBuildPhase section */

/* Begin PBXTargetDependency section */
		1E9D949529E9A4100029F609 /* PBXTargetDependency */ = {
			isa = PBXTargetDependency;
			target = 1E9D947C29E9A40B0029F609 /* hack-battle */;
			targetProxy = 1E9D949429E9A4100029F609 /* PBXContainerItemProxy */;
		};
		1E9D949F29E9A4100029F609 /* PBXTargetDependency */ = {
			isa = PBXTargetDependency;
			target = 1E9D947C29E9A40B0029F609 /* hack-battle */;
			targetProxy = 1E9D949E29E9A4100029F609 /* PBXContainerItemProxy */;
		};
/* End PBXTargetDependency section */

/* Begin PBXVariantGroup section */
		1E9D948629E9A40B0029F609 /* Main.storyboard */ = {
			isa = PBXVariantGroup;
			children = (
				1E9D948729E9A40B0029F609 /* Base */,
			);
			name = Main.storyboard;
			sourceTree = "<group>";
		};
		1E9D948B29E9A40F0029F609 /* LaunchScreen.storyboard */ = {
			isa = PBXVariantGroup;
			children = (
				1E9D948C29E9A40F0029F609 /* Base */,
			);
			name = LaunchScreen.storyboard;
			sourceTree = "<group>";
		};
/* End PBXVariantGroup section */

/* Begin XCBuildConfiguration section */
		1E9D94A529E9A4100029F609 /* Debug */ = {
			isa = XCBuildConfiguration;
			buildSettings = {
				ALWAYS_SEARCH_USER_PATHS = NO;
				CLANG_ANALYZER_NONNULL = YES;
				CLANG_ANALYZER_NUMBER_OBJECT_CONVERSION = YES_AGGRESSIVE;
				CLANG_CXX_LANGUAGE_STANDARD = "gnu++20";
				CLANG_ENABLE_MODULES = YES;
				CLANG_ENABLE_OBJC_ARC = YES;
				CLANG_ENABLE_OBJC_WEAK = YES;
				CLANG_WARN_BLOCK_CAPTURE_AUTORELEASING = YES;
				CLANG_WARN_BOOL_CONVERSION = YES;
				CLANG_WARN_COMMA = YES;
				CLANG_WARN_CONSTANT_CONVERSION = YES;
				CLANG_WARN_DEPRECATED_OBJC_IMPLEMENTATIONS = YES;
				CLANG_WARN_DIRECT_OBJC_ISA_USAGE = YES_ERROR;
				CLANG_WARN_DOCUMENTATION_COMMENTS = YES;
				CLANG_WARN_EMPTY_BODY = YES;
				CLANG_WARN_ENUM_CONVERSION = YES;
				CLANG_WARN_INFINITE_RECURSION = YES;
				CLANG_WARN_INT_CONVERSION = YES;
				CLANG_WARN_NON_LITERAL_NULL_CONVERSION = YES;
				CLANG_WARN_OBJC_IMPLICIT_RETAIN_SELF = YES;
				CLANG_WARN_OBJC_LITERAL_CONVERSION = YES;
				CLANG_WARN_OBJC_ROOT_CLASS = YES_ERROR;
				CLANG_WARN_QUOTED_INCLUDE_IN_FRAMEWORK_HEADER = YES;
				CLANG_WARN_RANGE_LOOP_ANALYSIS = YES;
				CLANG_WARN_STRICT_PROTOTYPES = YES;
				CLANG_WARN_SUSPICIOUS_MOVE = YES;
				CLANG_WARN_UNGUARDED_AVAILABILITY = YES_AGGRESSIVE;
				CLANG_WARN_UNREACHABLE_CODE = YES;
				CLANG_WARN__DUPLICATE_METHOD_MATCH = YES;
				COPY_PHASE_STRIP = NO;
				DEBUG_INFORMATION_FORMAT = dwarf;
				ENABLE_STRICT_OBJC_MSGSEND = YES;
				ENABLE_TESTABILITY = YES;
				GCC_C_LANGUAGE_STANDARD = gnu11;
				GCC_DYNAMIC_NO_PIC = NO;
				GCC_NO_COMMON_BLOCKS = YES;
				GCC_OPTIMIZATION_LEVEL = 0;
				GCC_PREPROCESSOR_DEFINITIONS = (
					"DEBUG=1",
					"$(inherited)",
				);
				GCC_WARN_64_TO_32_BIT_CONVERSION = YES;
				GCC_WARN_ABOUT_RETURN_TYPE = YES_ERROR;
				GCC_WARN_UNDECLARED_SELECTOR = YES;
				GCC_WARN_UNINITIALIZED_AUTOS = YES_AGGRESSIVE;
				GCC_WARN_UNUSED_FUNCTION = YES;
				GCC_WARN_UNUSED_VARIABLE = YES;
				IPHONEOS_DEPLOYMENT_TARGET = 16.4;
				MTL_ENABLE_DEBUG_INFO = INCLUDE_SOURCE;
				MTL_FAST_MATH = YES;
				ONLY_ACTIVE_ARCH = YES;
				SDKROOT = iphoneos;
				SWIFT_ACTIVE_COMPILATION_CONDITIONS = DEBUG;
				SWIFT_OPTIMIZATION_LEVEL = "-Onone";
			};
			name = Debug;
		};
		1E9D94A629E9A4100029F609 /* Release */ = {
			isa = XCBuildConfiguration;
			buildSettings = {
				ALWAYS_SEARCH_USER_PATHS = NO;
				CLANG_ANALYZER_NONNULL = YES;
				CLANG_ANALYZER_NUMBER_OBJECT_CONVERSION = YES_AGGRESSIVE;
				CLANG_CXX_LANGUAGE_STANDARD = "gnu++20";
				CLANG_ENABLE_MODULES = YES;
				CLANG_ENABLE_OBJC_ARC = YES;
				CLANG_ENABLE_OBJC_WEAK = YES;
				CLANG_WARN_BLOCK_CAPTURE_AUTORELEASING = YES;
				CLANG_WARN_BOOL_CONVERSION = YES;
				CLANG_WARN_COMMA = YES;
				CLANG_WARN_CONSTANT_CONVERSION = YES;
				CLANG_WARN_DEPRECATED_OBJC_IMPLEMENTATIONS = YES;
				CLANG_WARN_DIRECT_OBJC_ISA_USAGE = YES_ERROR;
				CLANG_WARN_DOCUMENTATION_COMMENTS = YES;
				CLANG_WARN_EMPTY_BODY = YES;
				CLANG_WARN_ENUM_CONVERSION = YES;
				CLANG_WARN_INFINITE_RECURSION = YES;
				CLANG_WARN_INT_CONVERSION = YES;
				CLANG_WARN_NON_LITERAL_NULL_CONVERSION = YES;
				CLANG_WARN_OBJC_IMPLICIT_RETAIN_SELF = YES;
				CLANG_WARN_OBJC_LITERAL_CONVERSION = YES;
				CLANG_WARN_OBJC_ROOT_CLASS = YES_ERROR;
				CLANG_WARN_QUOTED_INCLUDE_IN_FRAMEWORK_HEADER = YES;
				CLANG_WARN_RANGE_LOOP_ANALYSIS = YES;
				CLANG_WARN_STRICT_PROTOTYPES = YES;
				CLANG_WARN_SUSPICIOUS_MOVE = YES;
				CLANG_WARN_UNGUARDED_AVAILABILITY = YES_AGGRESSIVE;
				CLANG_WARN_UNREACHABLE_CODE = YES;
				CLANG_WARN__DUPLICATE_METHOD_MATCH = YES;
				COPY_PHASE_STRIP = NO;
				DEBUG_INFORMATION_FORMAT = "dwarf-with-dsym";
				ENABLE_NS_ASSERTIONS = NO;
				ENABLE_STRICT_OBJC_MSGSEND = YES;
				GCC_C_LANGUAGE_STANDARD = gnu11;
				GCC_NO_COMMON_BLOCKS = YES;
				GCC_WARN_64_TO_32_BIT_CONVERSION = YES;
				GCC_WARN_ABOUT_RETURN_TYPE = YES_ERROR;
				GCC_WARN_UNDECLARED_SELECTOR = YES;
				GCC_WARN_UNINITIALIZED_AUTOS = YES_AGGRESSIVE;
				GCC_WARN_UNUSED_FUNCTION = YES;
				GCC_WARN_UNUSED_VARIABLE = YES;
				IPHONEOS_DEPLOYMENT_TARGET = 16.4;
				MTL_ENABLE_DEBUG_INFO = NO;
				MTL_FAST_MATH = YES;
				SDKROOT = iphoneos;
				SWIFT_COMPILATION_MODE = wholemodule;
				SWIFT_OPTIMIZATION_LEVEL = "-O";
				VALIDATE_PRODUCT = YES;
			};
			name = Release;
		};
		1E9D94A829E9A4100029F609 /* Debug */ = {
			isa = XCBuildConfiguration;
			buildSettings = {
				ASSETCATALOG_COMPILER_APPICON_NAME = AppIcon;
				ASSETCATALOG_COMPILER_GLOBAL_ACCENT_COLOR_NAME = AccentColor;
				CODE_SIGN_STYLE = Automatic;
				CURRENT_PROJECT_VERSION = 1;
				DEVELOPMENT_TEAM = X798TJWGDW;
				GENERATE_INFOPLIST_FILE = YES;
				INFOPLIST_FILE = "hack-battle/Info.plist";
				INFOPLIST_KEY_UIApplicationSupportsIndirectInputEvents = YES;
				INFOPLIST_KEY_UILaunchStoryboardName = LaunchScreen;
				INFOPLIST_KEY_UIMainStoryboardFile = Main;
				INFOPLIST_KEY_UISupportedInterfaceOrientations_iPad = "UIInterfaceOrientationPortrait UIInterfaceOrientationPortraitUpsideDown UIInterfaceOrientationLandscapeLeft UIInterfaceOrientationLandscapeRight";
				INFOPLIST_KEY_UISupportedInterfaceOrientations_iPhone = "UIInterfaceOrientationPortrait UIInterfaceOrientationLandscapeLeft UIInterfaceOrientationLandscapeRight";
				LD_RUNPATH_SEARCH_PATHS = (
					"$(inherited)",
					"@executable_path/Frameworks",
				);
				MARKETING_VERSION = 1.0;
				PRODUCT_BUNDLE_IDENTIFIER = "alylin.hack-battle";
				PRODUCT_NAME = "$(TARGET_NAME)";
				SWIFT_EMIT_LOC_STRINGS = YES;
				SWIFT_VERSION = 5.0;
				TARGETED_DEVICE_FAMILY = "1,2";
			};
			name = Debug;
		};
		1E9D94A929E9A4100029F609 /* Release */ = {
			isa = XCBuildConfiguration;
			buildSettings = {
				ASSETCATALOG_COMPILER_APPICON_NAME = AppIcon;
				ASSETCATALOG_COMPILER_GLOBAL_ACCENT_COLOR_NAME = AccentColor;
				CODE_SIGN_STYLE = Automatic;
				CURRENT_PROJECT_VERSION = 1;
				DEVELOPMENT_TEAM = X798TJWGDW;
				GENERATE_INFOPLIST_FILE = YES;
				INFOPLIST_FILE = "hack-battle/Info.plist";
				INFOPLIST_KEY_UIApplicationSupportsIndirectInputEvents = YES;
				INFOPLIST_KEY_UILaunchStoryboardName = LaunchScreen;
				INFOPLIST_KEY_UIMainStoryboardFile = Main;
				INFOPLIST_KEY_UISupportedInterfaceOrientations_iPad = "UIInterfaceOrientationPortrait UIInterfaceOrientationPortraitUpsideDown UIInterfaceOrientationLandscapeLeft UIInterfaceOrientationLandscapeRight";
				INFOPLIST_KEY_UISupportedInterfaceOrientations_iPhone = "UIInterfaceOrientationPortrait UIInterfaceOrientationLandscapeLeft UIInterfaceOrientationLandscapeRight";
				LD_RUNPATH_SEARCH_PATHS = (
					"$(inherited)",
					"@executable_path/Frameworks",
				);
				MARKETING_VERSION = 1.0;
				PRODUCT_BUNDLE_IDENTIFIER = "alylin.hack-battle";
				PRODUCT_NAME = "$(TARGET_NAME)";
				SWIFT_EMIT_LOC_STRINGS = YES;
				SWIFT_VERSION = 5.0;
				TARGETED_DEVICE_FAMILY = "1,2";
			};
			name = Release;
		};
		1E9D94AB29E9A4100029F609 /* Debug */ = {
			isa = XCBuildConfiguration;
			buildSettings = {
				ALWAYS_EMBED_SWIFT_STANDARD_LIBRARIES = YES;
				BUNDLE_LOADER = "$(TEST_HOST)";
				CODE_SIGN_STYLE = Automatic;
				CURRENT_PROJECT_VERSION = 1;
				DEVELOPMENT_TEAM = X798TJWGDW;
				GENERATE_INFOPLIST_FILE = YES;
				IPHONEOS_DEPLOYMENT_TARGET = 16.4;
				MARKETING_VERSION = 1.0;
				PRODUCT_BUNDLE_IDENTIFIER = "alylin.hack-battleTests";
				PRODUCT_NAME = "$(TARGET_NAME)";
				SWIFT_EMIT_LOC_STRINGS = NO;
				SWIFT_VERSION = 5.0;
				TARGETED_DEVICE_FAMILY = "1,2";
				TEST_HOST = "$(BUILT_PRODUCTS_DIR)/hack-battle.app/$(BUNDLE_EXECUTABLE_FOLDER_PATH)/hack-battle";
			};
			name = Debug;
		};
		1E9D94AC29E9A4100029F609 /* Release */ = {
			isa = XCBuildConfiguration;
			buildSettings = {
				ALWAYS_EMBED_SWIFT_STANDARD_LIBRARIES = YES;
				BUNDLE_LOADER = "$(TEST_HOST)";
				CODE_SIGN_STYLE = Automatic;
				CURRENT_PROJECT_VERSION = 1;
				DEVELOPMENT_TEAM = X798TJWGDW;
				GENERATE_INFOPLIST_FILE = YES;
				IPHONEOS_DEPLOYMENT_TARGET = 16.4;
				MARKETING_VERSION = 1.0;
				PRODUCT_BUNDLE_IDENTIFIER = "alylin.hack-battleTests";
				PRODUCT_NAME = "$(TARGET_NAME)";
				SWIFT_EMIT_LOC_STRINGS = NO;
				SWIFT_VERSION = 5.0;
				TARGETED_DEVICE_FAMILY = "1,2";
				TEST_HOST = "$(BUILT_PRODUCTS_DIR)/hack-battle.app/$(BUNDLE_EXECUTABLE_FOLDER_PATH)/hack-battle";
			};
			name = Release;
		};
		1E9D94AE29E9A4100029F609 /* Debug */ = {
			isa = XCBuildConfiguration;
			buildSettings = {
				ALWAYS_EMBED_SWIFT_STANDARD_LIBRARIES = YES;
				CODE_SIGN_STYLE = Automatic;
				CURRENT_PROJECT_VERSION = 1;
				DEVELOPMENT_TEAM = X798TJWGDW;
				GENERATE_INFOPLIST_FILE = YES;
				MARKETING_VERSION = 1.0;
				PRODUCT_BUNDLE_IDENTIFIER = "alylin.hack-battleUITests";
				PRODUCT_NAME = "$(TARGET_NAME)";
				SWIFT_EMIT_LOC_STRINGS = NO;
				SWIFT_VERSION = 5.0;
				TARGETED_DEVICE_FAMILY = "1,2";
				TEST_TARGET_NAME = "hack-battle";
			};
			name = Debug;
		};
		1E9D94AF29E9A4100029F609 /* Release */ = {
			isa = XCBuildConfiguration;
			buildSettings = {
				ALWAYS_EMBED_SWIFT_STANDARD_LIBRARIES = YES;
				CODE_SIGN_STYLE = Automatic;
				CURRENT_PROJECT_VERSION = 1;
				DEVELOPMENT_TEAM = X798TJWGDW;
				GENERATE_INFOPLIST_FILE = YES;
				MARKETING_VERSION = 1.0;
				PRODUCT_BUNDLE_IDENTIFIER = "alylin.hack-battleUITests";
				PRODUCT_NAME = "$(TARGET_NAME)";
				SWIFT_EMIT_LOC_STRINGS = NO;
				SWIFT_VERSION = 5.0;
				TARGETED_DEVICE_FAMILY = "1,2";
				TEST_TARGET_NAME = "hack-battle";
			};
			name = Release;
		};
/* End XCBuildConfiguration section */

/* Begin XCConfigurationList section */
		1E9D947829E9A40B0029F609 /* Build configuration list for PBXProject "hack-battle" */ = {
			isa = XCConfigurationList;
			buildConfigurations = (
				1E9D94A529E9A4100029F609 /* Debug */,
				1E9D94A629E9A4100029F609 /* Release */,
			);
			defaultConfigurationIsVisible = 0;
			defaultConfigurationName = Release;
		};
		1E9D94A729E9A4100029F609 /* Build configuration list for PBXNativeTarget "hack-battle" */ = {
			isa = XCConfigurationList;
			buildConfigurations = (
				1E9D94A829E9A4100029F609 /* Debug */,
				1E9D94A929E9A4100029F609 /* Release */,
			);
			defaultConfigurationIsVisible = 0;
			defaultConfigurationName = Release;
		};
		1E9D94AA29E9A4100029F609 /* Build configuration list for PBXNativeTarget "hack-battleTests" */ = {
			isa = XCConfigurationList;
			buildConfigurations = (
				1E9D94AB29E9A4100029F609 /* Debug */,
				1E9D94AC29E9A4100029F609 /* Release */,
			);
			defaultConfigurationIsVisible = 0;
			defaultConfigurationName = Release;
		};
		1E9D94AD29E9A4100029F609 /* Build configuration list for PBXNativeTarget "hack-battleUITests" */ = {
			isa = XCConfigurationList;
			buildConfigurations = (
				1E9D94AE29E9A4100029F609 /* Debug */,
				1E9D94AF29E9A4100029F609 /* Release */,
			);
			defaultConfigurationIsVisible = 0;
			defaultConfigurationName = Release;
		};
/* End XCConfigurationList section */
	};
	rootObject = 1E9D947529E9A40B0029F609 /* Project object */;
}
